
Microsoft Visual Studio Solution File, Format Version 12.00
# Visual Studio Version 17
VisualStudioVersion = 17.8.34330.188
MinimumVisualStudioVersion = 10.0.40219.1
Project("{FAE04EC0-301F-11D3-BF4B-00C04F79EFBC}") = "MendTestProject.Web", "MendTestProject.Web\MendTestProject.Web.csproj", "{D0FCE5A5-DA20-4D98-8C3D-33B5D318908E}"
EndProject
Global
	GlobalSection(SolutionConfigurationPlatforms) = preSolution
		Debug|Any CPU = Debug|Any CPU
		Release|Any CPU = Release|Any CPU
	EndGlobalSection
	GlobalSection(ProjectConfigurationPlatforms) = postSolution
		{D0FCE5A5-DA20-4D98-8C3D-33B5D318908E}.Debug|Any CPU.ActiveCfg = Debug|Any CPU
		{D0FCE5A5-DA20-4D98-8C3D-33B5D318908E}.Debug|Any CPU.Build.0 = Debug|Any CPU
		{D0FCE5A5-DA20-4D98-8C3D-33B5D318908E}.Release|Any CPU.ActiveCfg = Release|Any CPU
		{D0FCE5A5-DA20-4D98-8C3D-33B5D318908E}.Release|Any CPU.Build.0 = Release|Any CPU
	EndGlobalSection
	GlobalSection(SolutionProperties) = preSolution
		HideSolutionNode = FALSE
	EndGlobalSection
	GlobalSection(ExtensibilityGlobals) = postSolution
		SolutionGuid = {C801DE68-D1D1-4C7B-995D-81A5070D135C}
	EndGlobalSection
EndGlobal
